// !$*UTF8*$!
{
	archiveVersion = 1;
	classes = {
	};
	objectVersion = 46;
	objects = {

/* Begin PBXBuildFile section */
		D0092D371B581FFD00769490 /* JXTJuxtTableViewCell.swift in Sources */ = {isa = PBXBuildFile; fileRef = D0092D361B581FFD00769490 /* JXTJuxtTableViewCell.swift */; };
		D0092D391B582DAA00769490 /* JXTAddJuxtViewController.swift in Sources */ = {isa = PBXBuildFile; fileRef = D0092D381B582DAA00769490 /* JXTAddJuxtViewController.swift */; };
		D0092D3C1B585B1200769490 /* JXTTabBarController.swift in Sources */ = {isa = PBXBuildFile; fileRef = D0092D3B1B585B1200769490 /* JXTTabBarController.swift */; };
		D00B09391B56ED9900870D4D /* JXTHomeTableViewController.swift in Sources */ = {isa = PBXBuildFile; fileRef = D00B09381B56ED9900870D4D /* JXTHomeTableViewController.swift */; };
		D08978221B59C2C4009FB6A2 /* PhotoTakingHelper.swift in Sources */ = {isa = PBXBuildFile; fileRef = D08978211B59C2C4009FB6A2 /* PhotoTakingHelper.swift */; };
		D08978241B5C25D8009FB6A2 /* JXTCameraViewController.swift in Sources */ = {isa = PBXBuildFile; fileRef = D08978231B5C25D8009FB6A2 /* JXTCameraViewController.swift */; };
		D08978261B5C261A009FB6A2 /* AVFoundation.framework in Frameworks */ = {isa = PBXBuildFile; fileRef = D08978251B5C261A009FB6A2 /* AVFoundation.framework */; };
		D08978281B5D589B009FB6A2 /* ParseHelper.swift in Sources */ = {isa = PBXBuildFile; fileRef = D08978271B5D589B009FB6A2 /* ParseHelper.swift */; };
		D09B81211B6173E500C87FC5 /* JXTCompareView.swift in Sources */ = {isa = PBXBuildFile; fileRef = D09B81201B6173E500C87FC5 /* JXTCompareView.swift */; };
		D0AFDC821B556E630097228E /* AppDelegate.swift in Sources */ = {isa = PBXBuildFile; fileRef = D0AFDC811B556E630097228E /* AppDelegate.swift */; };
		D0AFDC871B556E630097228E /* Main.storyboard in Resources */ = {isa = PBXBuildFile; fileRef = D0AFDC851B556E630097228E /* Main.storyboard */; };
		D0AFDC891B556E630097228E /* Images.xcassets in Resources */ = {isa = PBXBuildFile; fileRef = D0AFDC881B556E630097228E /* Images.xcassets */; };
		D0AFDC8C1B556E630097228E /* LaunchScreen.xib in Resources */ = {isa = PBXBuildFile; fileRef = D0AFDC8A1B556E630097228E /* LaunchScreen.xib */; };
		D0AFDC981B556E630097228E /* JuxtTests.swift in Sources */ = {isa = PBXBuildFile; fileRef = D0AFDC971B556E630097228E /* JuxtTests.swift */; };
		D0AFDCA61B556F7E0097228E /* JXTLandingViewController.swift in Sources */ = {isa = PBXBuildFile; fileRef = D0AFDCA51B556F7E0097228E /* JXTLandingViewController.swift */; };
		D0AFDCAC1B55769A0097228E /* Fabric.framework in Frameworks */ = {isa = PBXBuildFile; fileRef = D0AFDCA81B55769A0097228E /* Fabric.framework */; };
		D0AFDCAD1B55769A0097228E /* TwitterKit.framework in Frameworks */ = {isa = PBXBuildFile; fileRef = D0AFDCA91B55769A0097228E /* TwitterKit.framework */; };
		D0AFDCAE1B55769A0097228E /* TwitterKitResources.bundle in Resources */ = {isa = PBXBuildFile; fileRef = D0AFDCAA1B55769A0097228E /* TwitterKitResources.bundle */; };
		D0AFDCAF1B55769A0097228E /* TwitterCore.framework in Frameworks */ = {isa = PBXBuildFile; fileRef = D0AFDCAB1B55769A0097228E /* TwitterCore.framework */; };
		D0BD46531B602EAA0007943E /* JXTPhotoTableViewCell.swift in Sources */ = {isa = PBXBuildFile; fileRef = D0BD46521B602EAA0007943E /* JXTPhotoTableViewCell.swift */; };
		D0EC734F1B630859006487DF /* TestViewController.swift in Sources */ = {isa = PBXBuildFile; fileRef = D0EC734E1B630859006487DF /* TestViewController.swift */; };
		D0F7C5E91B586949004E2F3E /* JXTAddPhotoViewController.swift in Sources */ = {isa = PBXBuildFile; fileRef = D0F7C5E81B586949004E2F3E /* JXTAddPhotoViewController.swift */; };
		D0F7C5EF1B596496004E2F3E /* JXTImageGalleryScrollView.swift in Sources */ = {isa = PBXBuildFile; fileRef = D0F7C5EE1B596496004E2F3E /* JXTImageGalleryScrollView.swift */; };
		D0F7C5F31B596F48004E2F3E /* Juxt.swift in Sources */ = {isa = PBXBuildFile; fileRef = D0F7C5F11B596F48004E2F3E /* Juxt.swift */; };
		D0F7C5F41B596F48004E2F3E /* JXTConstants.swift in Sources */ = {isa = PBXBuildFile; fileRef = D0F7C5F21B596F48004E2F3E /* JXTConstants.swift */; };
		D0F7C5FC1B59A4B7004E2F3E /* Photo.swift in Sources */ = {isa = PBXBuildFile; fileRef = D0F7C5FB1B59A4B7004E2F3E /* Photo.swift */; };
		D0F7C5FE1B59AC73004E2F3E /* JXTJuxtViewController.swift in Sources */ = {isa = PBXBuildFile; fileRef = D0F7C5FD1B59AC73004E2F3E /* JXTJuxtViewController.swift */; };
		FECBDD0038D362C2E55CAE0F /* Pods_Juxt.framework in Frameworks */ = {isa = PBXBuildFile; fileRef = 7219618C4A5AA4482001067C /* Pods_Juxt.framework */; settings = {ATTRIBUTES = (Weak, ); }; };
/* End PBXBuildFile section */

/* Begin PBXContainerItemProxy section */
		D0AFDC921B556E630097228E /* PBXContainerItemProxy */ = {
			isa = PBXContainerItemProxy;
			containerPortal = D0AFDC741B556E630097228E /* Project object */;
			proxyType = 1;
			remoteGlobalIDString = D0AFDC7B1B556E630097228E;
			remoteInfo = Juxt;
		};
/* End PBXContainerItemProxy section */

/* Begin PBXFileReference section */
		499E54B84FAF82B3EFF8429C /* Pods-Juxt.release.xcconfig */ = {isa = PBXFileReference; includeInIndex = 1; lastKnownFileType = text.xcconfig; name = "Pods-Juxt.release.xcconfig"; path = "Pods/Target Support Files/Pods-Juxt/Pods-Juxt.release.xcconfig"; sourceTree = "<group>"; };
		7219618C4A5AA4482001067C /* Pods_Juxt.framework */ = {isa = PBXFileReference; explicitFileType = wrapper.framework; includeInIndex = 0; path = Pods_Juxt.framework; sourceTree = BUILT_PRODUCTS_DIR; };
		7931DB76583F9A98551C49FA /* Pods-Juxt.debug.xcconfig */ = {isa = PBXFileReference; includeInIndex = 1; lastKnownFileType = text.xcconfig; name = "Pods-Juxt.debug.xcconfig"; path = "Pods/Target Support Files/Pods-Juxt/Pods-Juxt.debug.xcconfig"; sourceTree = "<group>"; };
		D0092D361B581FFD00769490 /* JXTJuxtTableViewCell.swift */ = {isa = PBXFileReference; fileEncoding = 4; lastKnownFileType = sourcecode.swift; path = JXTJuxtTableViewCell.swift; sourceTree = "<group>"; };
		D0092D381B582DAA00769490 /* JXTAddJuxtViewController.swift */ = {isa = PBXFileReference; fileEncoding = 4; lastKnownFileType = sourcecode.swift; path = JXTAddJuxtViewController.swift; sourceTree = "<group>"; };
		D0092D3B1B585B1200769490 /* JXTTabBarController.swift */ = {isa = PBXFileReference; fileEncoding = 4; lastKnownFileType = sourcecode.swift; path = JXTTabBarController.swift; sourceTree = "<group>"; };
		D00B09381B56ED9900870D4D /* JXTHomeTableViewController.swift */ = {isa = PBXFileReference; fileEncoding = 4; lastKnownFileType = sourcecode.swift; path = JXTHomeTableViewController.swift; sourceTree = "<group>"; };
		D08978211B59C2C4009FB6A2 /* PhotoTakingHelper.swift */ = {isa = PBXFileReference; fileEncoding = 4; lastKnownFileType = sourcecode.swift; path = PhotoTakingHelper.swift; sourceTree = "<group>"; };
		D08978231B5C25D8009FB6A2 /* JXTCameraViewController.swift */ = {isa = PBXFileReference; fileEncoding = 4; lastKnownFileType = sourcecode.swift; path = JXTCameraViewController.swift; sourceTree = "<group>"; };
		D08978251B5C261A009FB6A2 /* AVFoundation.framework */ = {isa = PBXFileReference; lastKnownFileType = wrapper.framework; name = AVFoundation.framework; path = System/Library/Frameworks/AVFoundation.framework; sourceTree = SDKROOT; };
		D08978271B5D589B009FB6A2 /* ParseHelper.swift */ = {isa = PBXFileReference; fileEncoding = 4; lastKnownFileType = sourcecode.swift; path = ParseHelper.swift; sourceTree = "<group>"; };
		D09B81201B6173E500C87FC5 /* JXTCompareView.swift */ = {isa = PBXFileReference; fileEncoding = 4; lastKnownFileType = sourcecode.swift; path = JXTCompareView.swift; sourceTree = "<group>"; };
		D0AFDC7C1B556E630097228E /* Juxt.app */ = {isa = PBXFileReference; explicitFileType = wrapper.application; includeInIndex = 0; path = Juxt.app; sourceTree = BUILT_PRODUCTS_DIR; };
		D0AFDC801B556E630097228E /* Info.plist */ = {isa = PBXFileReference; lastKnownFileType = text.plist.xml; path = Info.plist; sourceTree = "<group>"; };
		D0AFDC811B556E630097228E /* AppDelegate.swift */ = {isa = PBXFileReference; lastKnownFileType = sourcecode.swift; path = AppDelegate.swift; sourceTree = "<group>"; };
		D0AFDC861B556E630097228E /* Base */ = {isa = PBXFileReference; lastKnownFileType = file.storyboard; name = Base; path = Base.lproj/Main.storyboard; sourceTree = "<group>"; };
		D0AFDC881B556E630097228E /* Images.xcassets */ = {isa = PBXFileReference; lastKnownFileType = folder.assetcatalog; path = Images.xcassets; sourceTree = "<group>"; };
		D0AFDC8B1B556E630097228E /* Base */ = {isa = PBXFileReference; lastKnownFileType = file.xib; name = Base; path = Base.lproj/LaunchScreen.xib; sourceTree = "<group>"; };
		D0AFDC911B556E630097228E /* JuxtTests.xctest */ = {isa = PBXFileReference; explicitFileType = wrapper.cfbundle; includeInIndex = 0; path = JuxtTests.xctest; sourceTree = BUILT_PRODUCTS_DIR; };
		D0AFDC961B556E630097228E /* Info.plist */ = {isa = PBXFileReference; lastKnownFileType = text.plist.xml; path = Info.plist; sourceTree = "<group>"; };
		D0AFDC971B556E630097228E /* JuxtTests.swift */ = {isa = PBXFileReference; lastKnownFileType = sourcecode.swift; path = JuxtTests.swift; sourceTree = "<group>"; };
		D0AFDCA51B556F7E0097228E /* JXTLandingViewController.swift */ = {isa = PBXFileReference; fileEncoding = 4; lastKnownFileType = sourcecode.swift; path = JXTLandingViewController.swift; sourceTree = "<group>"; };
		D0AFDCA81B55769A0097228E /* Fabric.framework */ = {isa = PBXFileReference; lastKnownFileType = wrapper.framework; path = Fabric.framework; sourceTree = "<group>"; };
		D0AFDCA91B55769A0097228E /* TwitterKit.framework */ = {isa = PBXFileReference; lastKnownFileType = wrapper.framework; path = TwitterKit.framework; sourceTree = "<group>"; };
		D0AFDCAA1B55769A0097228E /* TwitterKitResources.bundle */ = {isa = PBXFileReference; lastKnownFileType = "wrapper.plug-in"; name = TwitterKitResources.bundle; path = TwitterKit.framework/Versions/A/Resources/TwitterKitResources.bundle; sourceTree = "<group>"; };
		D0AFDCAB1B55769A0097228E /* TwitterCore.framework */ = {isa = PBXFileReference; lastKnownFileType = wrapper.framework; path = TwitterCore.framework; sourceTree = "<group>"; };
		D0BD46521B602EAA0007943E /* JXTPhotoTableViewCell.swift */ = {isa = PBXFileReference; fileEncoding = 4; lastKnownFileType = sourcecode.swift; path = JXTPhotoTableViewCell.swift; sourceTree = "<group>"; };
		D0EC734E1B630859006487DF /* TestViewController.swift */ = {isa = PBXFileReference; fileEncoding = 4; lastKnownFileType = sourcecode.swift; name = TestViewController.swift; path = "View Controllers/TestViewController.swift"; sourceTree = "<group>"; };
		D0F7C5E81B586949004E2F3E /* JXTAddPhotoViewController.swift */ = {isa = PBXFileReference; fileEncoding = 4; lastKnownFileType = sourcecode.swift; path = JXTAddPhotoViewController.swift; sourceTree = "<group>"; };
		D0F7C5EE1B596496004E2F3E /* JXTImageGalleryScrollView.swift */ = {isa = PBXFileReference; fileEncoding = 4; lastKnownFileType = sourcecode.swift; path = JXTImageGalleryScrollView.swift; sourceTree = "<group>"; };
		D0F7C5F11B596F48004E2F3E /* Juxt.swift */ = {isa = PBXFileReference; fileEncoding = 4; lastKnownFileType = sourcecode.swift; name = Juxt.swift; path = ../Helper/Juxt.swift; sourceTree = "<group>"; };
		D0F7C5F21B596F48004E2F3E /* JXTConstants.swift */ = {isa = PBXFileReference; fileEncoding = 4; lastKnownFileType = sourcecode.swift; path = JXTConstants.swift; sourceTree = "<group>"; };
		D0F7C5FB1B59A4B7004E2F3E /* Photo.swift */ = {isa = PBXFileReference; fileEncoding = 4; lastKnownFileType = sourcecode.swift; name = Photo.swift; path = Juxt/Model/Photo.swift; sourceTree = SOURCE_ROOT; };
		D0F7C5FD1B59AC73004E2F3E /* JXTJuxtViewController.swift */ = {isa = PBXFileReference; fileEncoding = 4; lastKnownFileType = sourcecode.swift; path = JXTJuxtViewController.swift; sourceTree = "<group>"; };
/* End PBXFileReference section */

/* Begin PBXFrameworksBuildPhase section */
		D0AFDC791B556E630097228E /* Frameworks */ = {
			isa = PBXFrameworksBuildPhase;
			buildActionMask = 2147483647;
			files = (
				D08978261B5C261A009FB6A2 /* AVFoundation.framework in Frameworks */,
				D0AFDCAC1B55769A0097228E /* Fabric.framework in Frameworks */,
				D0AFDCAF1B55769A0097228E /* TwitterCore.framework in Frameworks */,
				D0AFDCAD1B55769A0097228E /* TwitterKit.framework in Frameworks */,
				FECBDD0038D362C2E55CAE0F /* Pods_Juxt.framework in Frameworks */,
			);
			runOnlyForDeploymentPostprocessing = 0;
		};
		D0AFDC8E1B556E630097228E /* Frameworks */ = {
			isa = PBXFrameworksBuildPhase;
			buildActionMask = 2147483647;
			files = (
			);
			runOnlyForDeploymentPostprocessing = 0;
		};
/* End PBXFrameworksBuildPhase section */

/* Begin PBXGroup section */
		D0AFDC731B556E630097228E = {
			isa = PBXGroup;
			children = (
				D0AFDC7E1B556E630097228E /* Juxt */,
				D0AFDC941B556E630097228E /* JuxtTests */,
				D0AFDC7D1B556E630097228E /* Products */,
				E6363BC1F76B4876441AC2C2 /* Pods */,
				DA7A36412FF8B21CCDC73CFE /* Frameworks */,
			);
			sourceTree = "<group>";
		};
		D0AFDC7D1B556E630097228E /* Products */ = {
			isa = PBXGroup;
			children = (
				D0AFDC7C1B556E630097228E /* Juxt.app */,
				D0AFDC911B556E630097228E /* JuxtTests.xctest */,
			);
			name = Products;
			sourceTree = "<group>";
		};
		D0AFDC7E1B556E630097228E /* Juxt */ = {
			isa = PBXGroup;
			children = (
				D0F7C5FA1B59A0D3004E2F3E /* Model */,
				D0F7C5F01B596F48004E2F3E /* Helper */,
				D0AFDCA11B556F520097228E /* View Controllers */,
				D0AFDCA31B556F520097228E /* Views */,
				D0AFDC811B556E630097228E /* AppDelegate.swift */,
				D0AFDC851B556E630097228E /* Main.storyboard */,
				D0EC734E1B630859006487DF /* TestViewController.swift */,
				D0AFDC881B556E630097228E /* Images.xcassets */,
				D0AFDC8A1B556E630097228E /* LaunchScreen.xib */,
				D0AFDC7F1B556E630097228E /* Supporting Files */,
			);
			path = Juxt;
			sourceTree = "<group>";
		};
		D0AFDC7F1B556E630097228E /* Supporting Files */ = {
			isa = PBXGroup;
			children = (
				D0AFDC801B556E630097228E /* Info.plist */,
			);
			name = "Supporting Files";
			sourceTree = "<group>";
		};
		D0AFDC941B556E630097228E /* JuxtTests */ = {
			isa = PBXGroup;
			children = (
				D0AFDC971B556E630097228E /* JuxtTests.swift */,
				D0AFDC951B556E630097228E /* Supporting Files */,
			);
			path = JuxtTests;
			sourceTree = "<group>";
		};
		D0AFDC951B556E630097228E /* Supporting Files */ = {
			isa = PBXGroup;
			children = (
				D0AFDC961B556E630097228E /* Info.plist */,
			);
			name = "Supporting Files";
			sourceTree = "<group>";
		};
		D0AFDCA11B556F520097228E /* View Controllers */ = {
			isa = PBXGroup;
			children = (
				D0AFDCA51B556F7E0097228E /* JXTLandingViewController.swift */,
				D0092D3B1B585B1200769490 /* JXTTabBarController.swift */,
				D00B09381B56ED9900870D4D /* JXTHomeTableViewController.swift */,
				D0F7C5FD1B59AC73004E2F3E /* JXTJuxtViewController.swift */,
				D0092D381B582DAA00769490 /* JXTAddJuxtViewController.swift */,
				D08978231B5C25D8009FB6A2 /* JXTCameraViewController.swift */,
				D0F7C5E81B586949004E2F3E /* JXTAddPhotoViewController.swift */,
			);
			path = "View Controllers";
			sourceTree = "<group>";
		};
		D0AFDCA31B556F520097228E /* Views */ = {
			isa = PBXGroup;
			children = (
				D0BD46521B602EAA0007943E /* JXTPhotoTableViewCell.swift */,
				D0092D361B581FFD00769490 /* JXTJuxtTableViewCell.swift */,
				D0F7C5EE1B596496004E2F3E /* JXTImageGalleryScrollView.swift */,
				D09B81201B6173E500C87FC5 /* JXTCompareView.swift */,
			);
			path = Views;
			sourceTree = "<group>";
		};
		D0F7C5F01B596F48004E2F3E /* Helper */ = {
			isa = PBXGroup;
			children = (
				D08978211B59C2C4009FB6A2 /* PhotoTakingHelper.swift */,
				D0F7C5F21B596F48004E2F3E /* JXTConstants.swift */,
				D08978271B5D589B009FB6A2 /* ParseHelper.swift */,
			);
			path = Helper;
			sourceTree = "<group>";
		};
		D0F7C5FA1B59A0D3004E2F3E /* Model */ = {
			isa = PBXGroup;
			children = (
				D0F7C5F11B596F48004E2F3E /* Juxt.swift */,
				D0F7C5FB1B59A4B7004E2F3E /* Photo.swift */,
			);
			path = Model;
			sourceTree = "<group>";
		};
		DA7A36412FF8B21CCDC73CFE /* Frameworks */ = {
			isa = PBXGroup;
			children = (
				D08978251B5C261A009FB6A2 /* AVFoundation.framework */,
				D0AFDCA81B55769A0097228E /* Fabric.framework */,
				D0AFDCA91B55769A0097228E /* TwitterKit.framework */,
				D0AFDCAA1B55769A0097228E /* TwitterKitResources.bundle */,
				D0AFDCAB1B55769A0097228E /* TwitterCore.framework */,
				7219618C4A5AA4482001067C /* Pods_Juxt.framework */,
			);
			name = Frameworks;
			sourceTree = "<group>";
		};
		E6363BC1F76B4876441AC2C2 /* Pods */ = {
			isa = PBXGroup;
			children = (
				7931DB76583F9A98551C49FA /* Pods-Juxt.debug.xcconfig */,
				499E54B84FAF82B3EFF8429C /* Pods-Juxt.release.xcconfig */,
			);
			name = Pods;
			sourceTree = "<group>";
		};
/* End PBXGroup section */

/* Begin PBXNativeTarget section */
		D0AFDC7B1B556E630097228E /* Juxt */ = {
			isa = PBXNativeTarget;
			buildConfigurationList = D0AFDC9B1B556E630097228E /* Build configuration list for PBXNativeTarget "Juxt" */;
			buildPhases = (
				708BBC9A652431CCEBED6AF8 /* Check Pods Manifest.lock */,
				D0AFDC781B556E630097228E /* Sources */,
				D0AFDC791B556E630097228E /* Frameworks */,
				D0AFDC7A1B556E630097228E /* Resources */,
				6850756DBEB048C41E2990DF /* Embed Pods Frameworks */,
				B18105D8762C711D23496DE0 /* Copy Pods Resources */,
				D0AFDCA71B55763C0097228E /* ShellScript */,
			);
			buildRules = (
			);
			dependencies = (
			);
			name = Juxt;
			productName = Juxt;
			productReference = D0AFDC7C1B556E630097228E /* Juxt.app */;
			productType = "com.apple.product-type.application";
		};
		D0AFDC901B556E630097228E /* JuxtTests */ = {
			isa = PBXNativeTarget;
			buildConfigurationList = D0AFDC9E1B556E630097228E /* Build configuration list for PBXNativeTarget "JuxtTests" */;
			buildPhases = (
				D0AFDC8D1B556E630097228E /* Sources */,
				D0AFDC8E1B556E630097228E /* Frameworks */,
				D0AFDC8F1B556E630097228E /* Resources */,
			);
			buildRules = (
			);
			dependencies = (
				D0AFDC931B556E630097228E /* PBXTargetDependency */,
			);
			name = JuxtTests;
			productName = JuxtTests;
			productReference = D0AFDC911B556E630097228E /* JuxtTests.xctest */;
			productType = "com.apple.product-type.bundle.unit-test";
		};
/* End PBXNativeTarget section */

/* Begin PBXProject section */
		D0AFDC741B556E630097228E /* Project object */ = {
			isa = PBXProject;
			attributes = {
				LastUpgradeCheck = 0640;
				ORGANIZATIONNAME = "Justin Yu";
				TargetAttributes = {
					D0AFDC7B1B556E630097228E = {
						CreatedOnToolsVersion = 6.4;
						DevelopmentTeam = UWSMUE6KT8;
					};
					D0AFDC901B556E630097228E = {
						CreatedOnToolsVersion = 6.4;
						TestTargetID = D0AFDC7B1B556E630097228E;
					};
				};
			};
			buildConfigurationList = D0AFDC771B556E630097228E /* Build configuration list for PBXProject "Juxt" */;
			compatibilityVersion = "Xcode 3.2";
			developmentRegion = English;
			hasScannedForEncodings = 0;
			knownRegions = (
				en,
				Base,
			);
			mainGroup = D0AFDC731B556E630097228E;
			productRefGroup = D0AFDC7D1B556E630097228E /* Products */;
			projectDirPath = "";
			projectRoot = "";
			targets = (
				D0AFDC7B1B556E630097228E /* Juxt */,
				D0AFDC901B556E630097228E /* JuxtTests */,
			);
		};
/* End PBXProject section */

/* Begin PBXResourcesBuildPhase section */
		D0AFDC7A1B556E630097228E /* Resources */ = {
			isa = PBXResourcesBuildPhase;
			buildActionMask = 2147483647;
			files = (
				D0AFDCAE1B55769A0097228E /* TwitterKitResources.bundle in Resources */,
				D0AFDC871B556E630097228E /* Main.storyboard in Resources */,
				D0AFDC8C1B556E630097228E /* LaunchScreen.xib in Resources */,
				D0AFDC891B556E630097228E /* Images.xcassets in Resources */,
			);
			runOnlyForDeploymentPostprocessing = 0;
		};
		D0AFDC8F1B556E630097228E /* Resources */ = {
			isa = PBXResourcesBuildPhase;
			buildActionMask = 2147483647;
			files = (
			);
			runOnlyForDeploymentPostprocessing = 0;
		};
/* End PBXResourcesBuildPhase section */

/* Begin PBXShellScriptBuildPhase section */
		6850756DBEB048C41E2990DF /* Embed Pods Frameworks */ = {
			isa = PBXShellScriptBuildPhase;
			buildActionMask = 2147483647;
			files = (
			);
			inputPaths = (
			);
			name = "Embed Pods Frameworks";
			outputPaths = (
			);
			runOnlyForDeploymentPostprocessing = 0;
			shellPath = /bin/sh;
			shellScript = "\"${SRCROOT}/Pods/Target Support Files/Pods-Juxt/Pods-Juxt-frameworks.sh\"\n";
			showEnvVarsInLog = 0;
		};
		708BBC9A652431CCEBED6AF8 /* Check Pods Manifest.lock */ = {
			isa = PBXShellScriptBuildPhase;
			buildActionMask = 2147483647;
			files = (
			);
			inputPaths = (
			);
			name = "Check Pods Manifest.lock";
			outputPaths = (
			);
			runOnlyForDeploymentPostprocessing = 0;
			shellPath = /bin/sh;
			shellScript = "diff \"${PODS_ROOT}/../Podfile.lock\" \"${PODS_ROOT}/Manifest.lock\" > /dev/null\nif [[ $? != 0 ]] ; then\n    cat << EOM\nerror: The sandbox is not in sync with the Podfile.lock. Run 'pod install' or update your CocoaPods installation.\nEOM\n    exit 1\nfi\n";
			showEnvVarsInLog = 0;
		};
		B18105D8762C711D23496DE0 /* Copy Pods Resources */ = {
			isa = PBXShellScriptBuildPhase;
			buildActionMask = 2147483647;
			files = (
			);
			inputPaths = (
			);
			name = "Copy Pods Resources";
			outputPaths = (
			);
			runOnlyForDeploymentPostprocessing = 0;
			shellPath = /bin/sh;
			shellScript = "\"${SRCROOT}/Pods/Target Support Files/Pods-Juxt/Pods-Juxt-resources.sh\"\n";
			showEnvVarsInLog = 0;
		};
		D0AFDCA71B55763C0097228E /* ShellScript */ = {
			isa = PBXShellScriptBuildPhase;
			buildActionMask = 2147483647;
			files = (
			);
			inputPaths = (
			);
			outputPaths = (
			);
			runOnlyForDeploymentPostprocessing = 0;
			shellPath = /bin/sh;
			shellScript = "./Fabric.framework/run fdc171f023f673b190f8afa8a10bf47cb0e6ff5d 40c6b73e8499b6af81eb393684ca821f6cf586b6fbe65d0505caba06c9147047";
		};
/* End PBXShellScriptBuildPhase section */

/* Begin PBXSourcesBuildPhase section */
		D0AFDC781B556E630097228E /* Sources */ = {
			isa = PBXSourcesBuildPhase;
			buildActionMask = 2147483647;
			files = (
				D0F7C5FC1B59A4B7004E2F3E /* Photo.swift in Sources */,
				D0F7C5FE1B59AC73004E2F3E /* JXTJuxtViewController.swift in Sources */,
				D0AFDCA61B556F7E0097228E /* JXTLandingViewController.swift in Sources */,
				D08978241B5C25D8009FB6A2 /* JXTCameraViewController.swift in Sources */,
				D0092D371B581FFD00769490 /* JXTJuxtTableViewCell.swift in Sources */,
				D08978221B59C2C4009FB6A2 /* PhotoTakingHelper.swift in Sources */,
				D0F7C5E91B586949004E2F3E /* JXTAddPhotoViewController.swift in Sources */,
				D08978281B5D589B009FB6A2 /* ParseHelper.swift in Sources */,
				D0F7C5EF1B596496004E2F3E /* JXTImageGalleryScrollView.swift in Sources */,
				D0BD46531B602EAA0007943E /* JXTPhotoTableViewCell.swift in Sources */,
				D0F7C5F41B596F48004E2F3E /* JXTConstants.swift in Sources */,
				D09B81211B6173E500C87FC5 /* JXTCompareView.swift in Sources */,
				D0092D391B582DAA00769490 /* JXTAddJuxtViewController.swift in Sources */,
				D00B09391B56ED9900870D4D /* JXTHomeTableViewController.swift in Sources */,
				D0AFDC821B556E630097228E /* AppDelegate.swift in Sources */,
				D0F7C5F31B596F48004E2F3E /* Juxt.swift in Sources */,
				D0EC734F1B630859006487DF /* TestViewController.swift in Sources */,
				D0092D3C1B585B1200769490 /* JXTTabBarController.swift in Sources */,
			);
			runOnlyForDeploymentPostprocessing = 0;
		};
		D0AFDC8D1B556E630097228E /* Sources */ = {
			isa = PBXSourcesBuildPhase;
			buildActionMask = 2147483647;
			files = (
				D0AFDC981B556E630097228E /* JuxtTests.swift in Sources */,
			);
			runOnlyForDeploymentPostprocessing = 0;
		};
/* End PBXSourcesBuildPhase section */

/* Begin PBXTargetDependency section */
		D0AFDC931B556E630097228E /* PBXTargetDependency */ = {
			isa = PBXTargetDependency;
			target = D0AFDC7B1B556E630097228E /* Juxt */;
			targetProxy = D0AFDC921B556E630097228E /* PBXContainerItemProxy */;
		};
/* End PBXTargetDependency section */

/* Begin PBXVariantGroup section */
		D0AFDC851B556E630097228E /* Main.storyboard */ = {
			isa = PBXVariantGroup;
			children = (
				D0AFDC861B556E630097228E /* Base */,
			);
			name = Main.storyboard;
			sourceTree = "<group>";
		};
		D0AFDC8A1B556E630097228E /* LaunchScreen.xib */ = {
			isa = PBXVariantGroup;
			children = (
				D0AFDC8B1B556E630097228E /* Base */,
			);
			name = LaunchScreen.xib;
			sourceTree = "<group>";
		};
/* End PBXVariantGroup section */

/* Begin XCBuildConfiguration section */
		D0AFDC991B556E630097228E /* Debug */ = {
			isa = XCBuildConfiguration;
			buildSettings = {
				ALWAYS_SEARCH_USER_PATHS = NO;
				CLANG_CXX_LANGUAGE_STANDARD = "gnu++0x";
				CLANG_CXX_LIBRARY = "libc++";
				CLANG_ENABLE_MODULES = YES;
				CLANG_ENABLE_OBJC_ARC = YES;
				CLANG_WARN_BOOL_CONVERSION = YES;
				CLANG_WARN_CONSTANT_CONVERSION = YES;
				CLANG_WARN_DIRECT_OBJC_ISA_USAGE = YES_ERROR;
				CLANG_WARN_EMPTY_BODY = YES;
				CLANG_WARN_ENUM_CONVERSION = YES;
				CLANG_WARN_INT_CONVERSION = YES;
				CLANG_WARN_OBJC_ROOT_CLASS = YES_ERROR;
				CLANG_WARN_UNREACHABLE_CODE = YES;
				CLANG_WARN__DUPLICATE_METHOD_MATCH = YES;
				"CODE_SIGN_IDENTITY[sdk=iphoneos*]" = "iPhone Developer";
				COPY_PHASE_STRIP = NO;
				DEBUG_INFORMATION_FORMAT = "dwarf-with-dsym";
				ENABLE_STRICT_OBJC_MSGSEND = YES;
				GCC_C_LANGUAGE_STANDARD = gnu99;
				GCC_DYNAMIC_NO_PIC = NO;
				GCC_NO_COMMON_BLOCKS = YES;
				GCC_OPTIMIZATION_LEVEL = 0;
				GCC_PREPROCESSOR_DEFINITIONS = (
					"DEBUG=1",
					"$(inherited)",
				);
				GCC_SYMBOLS_PRIVATE_EXTERN = NO;
				GCC_WARN_64_TO_32_BIT_CONVERSION = YES;
				GCC_WARN_ABOUT_RETURN_TYPE = YES_ERROR;
				GCC_WARN_UNDECLARED_SELECTOR = YES;
				GCC_WARN_UNINITIALIZED_AUTOS = YES_AGGRESSIVE;
				GCC_WARN_UNUSED_FUNCTION = YES;
				GCC_WARN_UNUSED_VARIABLE = YES;
				IPHONEOS_DEPLOYMENT_TARGET = 8.4;
				MTL_ENABLE_DEBUG_INFO = YES;
				ONLY_ACTIVE_ARCH = YES;
				SDKROOT = iphoneos;
				SWIFT_OPTIMIZATION_LEVEL = "-Onone";
				TARGETED_DEVICE_FAMILY = "1,2";
			};
			name = Debug;
		};
		D0AFDC9A1B556E630097228E /* Release */ = {
			isa = XCBuildConfiguration;
			buildSettings = {
				ALWAYS_SEARCH_USER_PATHS = NO;
				CLANG_CXX_LANGUAGE_STANDARD = "gnu++0x";
				CLANG_CXX_LIBRARY = "libc++";
				CLANG_ENABLE_MODULES = YES;
				CLANG_ENABLE_OBJC_ARC = YES;
				CLANG_WARN_BOOL_CONVERSION = YES;
				CLANG_WARN_CONSTANT_CONVERSION = YES;
				CLANG_WARN_DIRECT_OBJC_ISA_USAGE = YES_ERROR;
				CLANG_WARN_EMPTY_BODY = YES;
				CLANG_WARN_ENUM_CONVERSION = YES;
				CLANG_WARN_INT_CONVERSION = YES;
				CLANG_WARN_OBJC_ROOT_CLASS = YES_ERROR;
				CLANG_WARN_UNREACHABLE_CODE = YES;
				CLANG_WARN__DUPLICATE_METHOD_MATCH = YES;
				"CODE_SIGN_IDENTITY[sdk=iphoneos*]" = "iPhone Developer";
				COPY_PHASE_STRIP = NO;
				DEBUG_INFORMATION_FORMAT = "dwarf-with-dsym";
				ENABLE_NS_ASSERTIONS = NO;
				ENABLE_STRICT_OBJC_MSGSEND = YES;
				GCC_C_LANGUAGE_STANDARD = gnu99;
				GCC_NO_COMMON_BLOCKS = YES;
				GCC_WARN_64_TO_32_BIT_CONVERSION = YES;
				GCC_WARN_ABOUT_RETURN_TYPE = YES_ERROR;
				GCC_WARN_UNDECLARED_SELECTOR = YES;
				GCC_WARN_UNINITIALIZED_AUTOS = YES_AGGRESSIVE;
				GCC_WARN_UNUSED_FUNCTION = YES;
				GCC_WARN_UNUSED_VARIABLE = YES;
				IPHONEOS_DEPLOYMENT_TARGET = 8.4;
				MTL_ENABLE_DEBUG_INFO = NO;
				SDKROOT = iphoneos;
				TARGETED_DEVICE_FAMILY = "1,2";
				VALIDATE_PRODUCT = YES;
			};
			name = Release;
		};
		D0AFDC9C1B556E630097228E /* Debug */ = {
			isa = XCBuildConfiguration;
			baseConfigurationReference = 7931DB76583F9A98551C49FA /* Pods-Juxt.debug.xcconfig */;
			buildSettings = {
				ASSETCATALOG_COMPILER_APPICON_NAME = AppIcon;
				CODE_SIGN_IDENTITY = "iPhone Developer";
				FRAMEWORK_SEARCH_PATHS = (
					"$(inherited)",
					"$(PROJECT_DIR)",
				);
				INFOPLIST_FILE = Juxt/Info.plist;
				IPHONEOS_DEPLOYMENT_TARGET = 8.2;
				LD_RUNPATH_SEARCH_PATHS = "$(inherited) @executable_path/Frameworks";
				PRODUCT_NAME = "$(TARGET_NAME)";
			};
			name = Debug;
		};
		D0AFDC9D1B556E630097228E /* Release */ = {
			isa = XCBuildConfiguration;
			baseConfigurationReference = 499E54B84FAF82B3EFF8429C /* Pods-Juxt.release.xcconfig */;
			buildSettings = {
				ASSETCATALOG_COMPILER_APPICON_NAME = AppIcon;
				CODE_SIGN_IDENTITY = "iPhone Developer";
				FRAMEWORK_SEARCH_PATHS = (
					"$(inherited)",
					"$(PROJECT_DIR)",
				);
				INFOPLIST_FILE = Juxt/Info.plist;
				IPHONEOS_DEPLOYMENT_TARGET = 8.2;
				LD_RUNPATH_SEARCH_PATHS = "$(inherited) @executable_path/Frameworks";
				PRODUCT_NAME = "$(TARGET_NAME)";
			};
			name = Release;
		};
		D0AFDC9F1B556E630097228E /* Debug */ = {
			isa = XCBuildConfiguration;
			buildSettings = {
				BUNDLE_LOADER = "$(TEST_HOST)";
				FRAMEWORK_SEARCH_PATHS = (
					"$(SDKROOT)/Developer/Library/Frameworks",
					"$(inherited)",
				);
				GCC_PREPROCESSOR_DEFINITIONS = (
					"DEBUG=1",
					"$(inherited)",
				);
				INFOPLIST_FILE = JuxtTests/Info.plist;
				LD_RUNPATH_SEARCH_PATHS = "$(inherited) @executable_path/Frameworks @loader_path/Frameworks";
				PRODUCT_NAME = "$(TARGET_NAME)";
				TEST_HOST = "$(BUILT_PRODUCTS_DIR)/Juxt.app/Juxt";
			};
			name = Debug;
		};
		D0AFDCA01B556E630097228E /* Release */ = {
			isa = XCBuildConfiguration;
			buildSettings = {
				BUNDLE_LOADER = "$(TEST_HOST)";
				FRAMEWORK_SEARCH_PATHS = (
					"$(SDKROOT)/Developer/Library/Frameworks",
					"$(inherited)",
				);
				INFOPLIST_FILE = JuxtTests/Info.plist;
				LD_RUNPATH_SEARCH_PATHS = "$(inherited) @executable_path/Frameworks @loader_path/Frameworks";
				PRODUCT_NAME = "$(TARGET_NAME)";
				TEST_HOST = "$(BUILT_PRODUCTS_DIR)/Juxt.app/Juxt";
			};
			name = Release;
		};
/* End XCBuildConfiguration section */

/* Begin XCConfigurationList section */
		D0AFDC771B556E630097228E /* Build configuration list for PBXProject "Juxt" */ = {
			isa = XCConfigurationList;
			buildConfigurations = (
				D0AFDC991B556E630097228E /* Debug */,
				D0AFDC9A1B556E630097228E /* Release */,
			);
			defaultConfigurationIsVisible = 0;
			defaultConfigurationName = Release;
		};
		D0AFDC9B1B556E630097228E /* Build configuration list for PBXNativeTarget "Juxt" */ = {
			isa = XCConfigurationList;
			buildConfigurations = (
				D0AFDC9C1B556E630097228E /* Debug */,
				D0AFDC9D1B556E630097228E /* Release */,
			);
			defaultConfigurationIsVisible = 0;
			defaultConfigurationName = Release;
		};
		D0AFDC9E1B556E630097228E /* Build configuration list for PBXNativeTarget "JuxtTests" */ = {
			isa = XCConfigurationList;
			buildConfigurations = (
				D0AFDC9F1B556E630097228E /* Debug */,
				D0AFDCA01B556E630097228E /* Release */,
			);
			defaultConfigurationIsVisible = 0;
			defaultConfigurationName = Release;
		};
/* End XCConfigurationList section */
	};
	rootObject = D0AFDC741B556E630097228E /* Project object */;
}
